// !$*UTF8*$!
{
	archiveVersion = 1;
	classes = {
	};
	objectVersion = 50;
	objects = {

/* Begin PBXBuildFile section */
		5F7AF5F88D37380312A09C6E /* Pods_Mis_Memes.framework in Frameworks */ = {isa = PBXBuildFile; fileRef = C70974164D68F945D1845562 /* Pods_Mis_Memes.framework */; };
		A80530DB2195FD1C0080FB0E /* AppDelegate.swift in Sources */ = {isa = PBXBuildFile; fileRef = A80530DA2195FD1C0080FB0E /* AppDelegate.swift */; };
		A80530DD2195FD1C0080FB0E /* MainViewController.swift in Sources */ = {isa = PBXBuildFile; fileRef = A80530DC2195FD1C0080FB0E /* MainViewController.swift */; };
		A80530E02195FD1C0080FB0E /* Main.storyboard in Resources */ = {isa = PBXBuildFile; fileRef = A80530DE2195FD1C0080FB0E /* Main.storyboard */; };
		A80530E22195FD1E0080FB0E /* Assets.xcassets in Resources */ = {isa = PBXBuildFile; fileRef = A80530E12195FD1E0080FB0E /* Assets.xcassets */; };
		A80530E52195FD1E0080FB0E /* LaunchScreen.storyboard in Resources */ = {isa = PBXBuildFile; fileRef = A80530E32195FD1E0080FB0E /* LaunchScreen.storyboard */; };
		A80530F02195FD1E0080FB0E /* Mis_MemesTests.swift in Sources */ = {isa = PBXBuildFile; fileRef = A80530EF2195FD1E0080FB0E /* Mis_MemesTests.swift */; };
		A80530FB2195FD1E0080FB0E /* Mis_MemesUITests.swift in Sources */ = {isa = PBXBuildFile; fileRef = A80530FA2195FD1E0080FB0E /* Mis_MemesUITests.swift */; };
		A815BAEB21A307270060AF44 /* MemeCell.swift in Sources */ = {isa = PBXBuildFile; fileRef = A815BAEA21A307270060AF44 /* MemeCell.swift */; };
		A815BAED21A3A5D30060AF44 /* Utils.swift in Sources */ = {isa = PBXBuildFile; fileRef = A815BAEC21A3A5D30060AF44 /* Utils.swift */; };
		A873293021B042670029CD86 /* StoreKit.framework in Frameworks */ = {isa = PBXBuildFile; fileRef = A873292F21B042670029CD86 /* StoreKit.framework */; };
		A8BF508F21B70211003BBD7A /* Localizable.strings in Resources */ = {isa = PBXBuildFile; fileRef = A8BF509121B70211003BBD7A /* Localizable.strings */; };
		A8BFB399219A29060069549F /* Meme.swift in Sources */ = {isa = PBXBuildFile; fileRef = A8BFB398219A29060069549F /* Meme.swift */; };
		A8E81C2421B72F6E00BF338C /* MainViewController+SearchBar.swift in Sources */ = {isa = PBXBuildFile; fileRef = A8E81C2321B72F6E00BF338C /* MainViewController+SearchBar.swift */; };
		A8F8EE3621B9850400A3B6AF /* InfoPlist.strings in Resources */ = {isa = PBXBuildFile; fileRef = A8F8EE3821B9850400A3B6AF /* InfoPlist.strings */; };
		AF7100A921B0E8EF0018F2F8 /* MainViewController+DataSource.swift in Sources */ = {isa = PBXBuildFile; fileRef = AF7100A821B0E8EF0018F2F8 /* MainViewController+DataSource.swift */; };
		AF7100AB21B0E90D0018F2F8 /* MainViewController+Delegate.swift in Sources */ = {isa = PBXBuildFile; fileRef = AF7100AA21B0E90D0018F2F8 /* MainViewController+Delegate.swift */; };
		AFD3C50621FD8A8A00473646 /* ApplicationScheme.swift in Sources */ = {isa = PBXBuildFile; fileRef = AFD3C50521FD8A8A00473646 /* ApplicationScheme.swift */; };
		AFF32673219BDDBB00FCD913 /* MemeDetailsViewController.swift in Sources */ = {isa = PBXBuildFile; fileRef = AFF32672219BDDBB00FCD913 /* MemeDetailsViewController.swift */; };
		D4C08EF33DC1ED3E549C49D8 /* Pods_Mis_MemesTests.framework in Frameworks */ = {isa = PBXBuildFile; fileRef = 98A9DF1B3EABACC6B0FE2A86 /* Pods_Mis_MemesTests.framework */; };
		E197381A08CD829B703C5D73 /* Pods_Mis_MemesUITests.framework in Frameworks */ = {isa = PBXBuildFile; fileRef = C20A1E8310409C7446939FEA /* Pods_Mis_MemesUITests.framework */; };
/* End PBXBuildFile section */

/* Begin PBXContainerItemProxy section */
		A80530EC2195FD1E0080FB0E /* PBXContainerItemProxy */ = {
			isa = PBXContainerItemProxy;
			containerPortal = A80530CF2195FD1C0080FB0E /* Project object */;
			proxyType = 1;
			remoteGlobalIDString = A80530D62195FD1C0080FB0E;
			remoteInfo = "Mis Memes";
		};
		A80530F72195FD1E0080FB0E /* PBXContainerItemProxy */ = {
			isa = PBXContainerItemProxy;
			containerPortal = A80530CF2195FD1C0080FB0E /* Project object */;
			proxyType = 1;
			remoteGlobalIDString = A80530D62195FD1C0080FB0E;
			remoteInfo = "Mis Memes";
		};
/* End PBXContainerItemProxy section */

/* Begin PBXFileReference section */
		1178F37E17B689242547FFF0 /* Pods-Mis MemesUITests.debug.xcconfig */ = {isa = PBXFileReference; includeInIndex = 1; lastKnownFileType = text.xcconfig; name = "Pods-Mis MemesUITests.debug.xcconfig"; path = "Pods/Target Support Files/Pods-Mis MemesUITests/Pods-Mis MemesUITests.debug.xcconfig"; sourceTree = "<group>"; };
		16B337A7562804F5EA6D191F /* Pods-Mis Memes.debug.xcconfig */ = {isa = PBXFileReference; includeInIndex = 1; lastKnownFileType = text.xcconfig; name = "Pods-Mis Memes.debug.xcconfig"; path = "Pods/Target Support Files/Pods-Mis Memes/Pods-Mis Memes.debug.xcconfig"; sourceTree = "<group>"; };
		89DD7E29957C9A2D6ACFF4D1 /* Pods-Mis MemesUITests.release.xcconfig */ = {isa = PBXFileReference; includeInIndex = 1; lastKnownFileType = text.xcconfig; name = "Pods-Mis MemesUITests.release.xcconfig"; path = "Pods/Target Support Files/Pods-Mis MemesUITests/Pods-Mis MemesUITests.release.xcconfig"; sourceTree = "<group>"; };
		98A9DF1B3EABACC6B0FE2A86 /* Pods_Mis_MemesTests.framework */ = {isa = PBXFileReference; explicitFileType = wrapper.framework; includeInIndex = 0; path = Pods_Mis_MemesTests.framework; sourceTree = BUILT_PRODUCTS_DIR; };
		A80530D72195FD1C0080FB0E /* Mis Memes.app */ = {isa = PBXFileReference; explicitFileType = wrapper.application; includeInIndex = 0; path = "Mis Memes.app"; sourceTree = BUILT_PRODUCTS_DIR; };
		A80530DA2195FD1C0080FB0E /* AppDelegate.swift */ = {isa = PBXFileReference; lastKnownFileType = sourcecode.swift; path = AppDelegate.swift; sourceTree = "<group>"; };
		A80530DC2195FD1C0080FB0E /* MainViewController.swift */ = {isa = PBXFileReference; lastKnownFileType = sourcecode.swift; path = MainViewController.swift; sourceTree = "<group>"; };
		A80530DF2195FD1C0080FB0E /* Base */ = {isa = PBXFileReference; lastKnownFileType = file.storyboard; name = Base; path = Base.lproj/Main.storyboard; sourceTree = "<group>"; };
		A80530E12195FD1E0080FB0E /* Assets.xcassets */ = {isa = PBXFileReference; lastKnownFileType = folder.assetcatalog; path = Assets.xcassets; sourceTree = "<group>"; };
		A80530E42195FD1E0080FB0E /* Base */ = {isa = PBXFileReference; lastKnownFileType = file.storyboard; name = Base; path = Base.lproj/LaunchScreen.storyboard; sourceTree = "<group>"; };
		A80530E62195FD1E0080FB0E /* Info.plist */ = {isa = PBXFileReference; lastKnownFileType = text.plist.xml; path = Info.plist; sourceTree = "<group>"; };
		A80530EB2195FD1E0080FB0E /* Mis MemesTests.xctest */ = {isa = PBXFileReference; explicitFileType = wrapper.cfbundle; includeInIndex = 0; path = "Mis MemesTests.xctest"; sourceTree = BUILT_PRODUCTS_DIR; };
		A80530EF2195FD1E0080FB0E /* Mis_MemesTests.swift */ = {isa = PBXFileReference; lastKnownFileType = sourcecode.swift; path = Mis_MemesTests.swift; sourceTree = "<group>"; };
		A80530F12195FD1E0080FB0E /* Info.plist */ = {isa = PBXFileReference; lastKnownFileType = text.plist.xml; path = Info.plist; sourceTree = "<group>"; };
		A80530F62195FD1E0080FB0E /* Mis MemesUITests.xctest */ = {isa = PBXFileReference; explicitFileType = wrapper.cfbundle; includeInIndex = 0; path = "Mis MemesUITests.xctest"; sourceTree = BUILT_PRODUCTS_DIR; };
		A80530FA2195FD1E0080FB0E /* Mis_MemesUITests.swift */ = {isa = PBXFileReference; lastKnownFileType = sourcecode.swift; path = Mis_MemesUITests.swift; sourceTree = "<group>"; };
		A80530FC2195FD1E0080FB0E /* Info.plist */ = {isa = PBXFileReference; lastKnownFileType = text.plist.xml; path = Info.plist; sourceTree = "<group>"; };
		A815BAEA21A307270060AF44 /* MemeCell.swift */ = {isa = PBXFileReference; lastKnownFileType = sourcecode.swift; path = MemeCell.swift; sourceTree = "<group>"; };
		A815BAEC21A3A5D30060AF44 /* Utils.swift */ = {isa = PBXFileReference; lastKnownFileType = sourcecode.swift; path = Utils.swift; sourceTree = "<group>"; };
		A873292F21B042670029CD86 /* StoreKit.framework */ = {isa = PBXFileReference; lastKnownFileType = wrapper.framework; name = StoreKit.framework; path = System/Library/Frameworks/StoreKit.framework; sourceTree = SDKROOT; };
		A8BF508A21B6FF20003BBD7A /* en */ = {isa = PBXFileReference; lastKnownFileType = text.plist.strings; name = en; path = en.lproj/Main.strings; sourceTree = "<group>"; };
		A8BF508B21B700DE003BBD7A /* es-419 */ = {isa = PBXFileReference; lastKnownFileType = text.plist.strings; name = "es-419"; path = "es-419.lproj/Main.strings"; sourceTree = "<group>"; };
		A8BF508C21B700DE003BBD7A /* es-419 */ = {isa = PBXFileReference; lastKnownFileType = text.plist.strings; name = "es-419"; path = "es-419.lproj/LaunchScreen.strings"; sourceTree = "<group>"; };
		A8BF509021B70211003BBD7A /* en */ = {isa = PBXFileReference; lastKnownFileType = text.plist.strings; name = en; path = en.lproj/Localizable.strings; sourceTree = "<group>"; };
		A8BF509221B7023A003BBD7A /* es-419 */ = {isa = PBXFileReference; lastKnownFileType = text.plist.strings; name = "es-419"; path = "es-419.lproj/Localizable.strings"; sourceTree = "<group>"; };
		A8BFB398219A29060069549F /* Meme.swift */ = {isa = PBXFileReference; lastKnownFileType = sourcecode.swift; path = Meme.swift; sourceTree = "<group>"; };
		A8E81C2321B72F6E00BF338C /* MainViewController+SearchBar.swift */ = {isa = PBXFileReference; lastKnownFileType = sourcecode.swift; path = "MainViewController+SearchBar.swift"; sourceTree = "<group>"; };
		A8F8EE3721B9850400A3B6AF /* en */ = {isa = PBXFileReference; lastKnownFileType = text.plist.strings; name = en; path = en.lproj/InfoPlist.strings; sourceTree = "<group>"; };
		A8F8EE3921B9850600A3B6AF /* es-419 */ = {isa = PBXFileReference; lastKnownFileType = text.plist.strings; name = "es-419"; path = "es-419.lproj/InfoPlist.strings"; sourceTree = "<group>"; };
		AF7100A821B0E8EF0018F2F8 /* MainViewController+DataSource.swift */ = {isa = PBXFileReference; lastKnownFileType = sourcecode.swift; path = "MainViewController+DataSource.swift"; sourceTree = "<group>"; };
		AF7100AA21B0E90D0018F2F8 /* MainViewController+Delegate.swift */ = {isa = PBXFileReference; lastKnownFileType = sourcecode.swift; path = "MainViewController+Delegate.swift"; sourceTree = "<group>"; };
		AFD3C50521FD8A8A00473646 /* ApplicationScheme.swift */ = {isa = PBXFileReference; lastKnownFileType = sourcecode.swift; path = ApplicationScheme.swift; sourceTree = "<group>"; };
		AFF32672219BDDBB00FCD913 /* MemeDetailsViewController.swift */ = {isa = PBXFileReference; lastKnownFileType = sourcecode.swift; path = MemeDetailsViewController.swift; sourceTree = "<group>"; };
		C20A1E8310409C7446939FEA /* Pods_Mis_MemesUITests.framework */ = {isa = PBXFileReference; explicitFileType = wrapper.framework; includeInIndex = 0; path = Pods_Mis_MemesUITests.framework; sourceTree = BUILT_PRODUCTS_DIR; };
		C70974164D68F945D1845562 /* Pods_Mis_Memes.framework */ = {isa = PBXFileReference; explicitFileType = wrapper.framework; includeInIndex = 0; path = Pods_Mis_Memes.framework; sourceTree = BUILT_PRODUCTS_DIR; };
		EB6B951EAB16FA0AE5686C46 /* Pods-Mis Memes.release.xcconfig */ = {isa = PBXFileReference; includeInIndex = 1; lastKnownFileType = text.xcconfig; name = "Pods-Mis Memes.release.xcconfig"; path = "Pods/Target Support Files/Pods-Mis Memes/Pods-Mis Memes.release.xcconfig"; sourceTree = "<group>"; };
		EFBA623CFDC629A15C77CEAE /* Pods-Mis MemesTests.debug.xcconfig */ = {isa = PBXFileReference; includeInIndex = 1; lastKnownFileType = text.xcconfig; name = "Pods-Mis MemesTests.debug.xcconfig"; path = "Pods/Target Support Files/Pods-Mis MemesTests/Pods-Mis MemesTests.debug.xcconfig"; sourceTree = "<group>"; };
		F4FAE7E7A90BDED2D3009014 /* Pods-Mis MemesTests.release.xcconfig */ = {isa = PBXFileReference; includeInIndex = 1; lastKnownFileType = text.xcconfig; name = "Pods-Mis MemesTests.release.xcconfig"; path = "Pods/Target Support Files/Pods-Mis MemesTests/Pods-Mis MemesTests.release.xcconfig"; sourceTree = "<group>"; };
/* End PBXFileReference section */

/* Begin PBXFrameworksBuildPhase section */
		A80530D42195FD1C0080FB0E /* Frameworks */ = {
			isa = PBXFrameworksBuildPhase;
			buildActionMask = 2147483647;
			files = (
				A873293021B042670029CD86 /* StoreKit.framework in Frameworks */,
				5F7AF5F88D37380312A09C6E /* Pods_Mis_Memes.framework in Frameworks */,
			);
			runOnlyForDeploymentPostprocessing = 0;
		};
		A80530E82195FD1E0080FB0E /* Frameworks */ = {
			isa = PBXFrameworksBuildPhase;
			buildActionMask = 2147483647;
			files = (
				D4C08EF33DC1ED3E549C49D8 /* Pods_Mis_MemesTests.framework in Frameworks */,
			);
			runOnlyForDeploymentPostprocessing = 0;
		};
		A80530F32195FD1E0080FB0E /* Frameworks */ = {
			isa = PBXFrameworksBuildPhase;
			buildActionMask = 2147483647;
			files = (
				E197381A08CD829B703C5D73 /* Pods_Mis_MemesUITests.framework in Frameworks */,
			);
			runOnlyForDeploymentPostprocessing = 0;
		};
/* End PBXFrameworksBuildPhase section */

/* Begin PBXGroup section */
		A80530CE2195FD1C0080FB0E = {
			isa = PBXGroup;
			children = (
				A80530D92195FD1C0080FB0E /* Mis Memes */,
				A80530EE2195FD1E0080FB0E /* Mis MemesTests */,
				A80530F92195FD1E0080FB0E /* Mis MemesUITests */,
				A80530D82195FD1C0080FB0E /* Products */,
				A873292E21B042670029CD86 /* Frameworks */,
				E9697D324FFC8B3868C5FD65 /* Pods */,
			);
			sourceTree = "<group>";
		};
		A80530D82195FD1C0080FB0E /* Products */ = {
			isa = PBXGroup;
			children = (
				A80530D72195FD1C0080FB0E /* Mis Memes.app */,
				A80530EB2195FD1E0080FB0E /* Mis MemesTests.xctest */,
				A80530F62195FD1E0080FB0E /* Mis MemesUITests.xctest */,
			);
			name = Products;
			sourceTree = "<group>";
		};
		A80530D92195FD1C0080FB0E /* Mis Memes */ = {
			isa = PBXGroup;
			children = (
				A80530DA2195FD1C0080FB0E /* AppDelegate.swift */,
				A80530DC2195FD1C0080FB0E /* MainViewController.swift */,
				A80530DE2195FD1C0080FB0E /* Main.storyboard */,
				A80530E12195FD1E0080FB0E /* Assets.xcassets */,
				A80530E32195FD1E0080FB0E /* LaunchScreen.storyboard */,
				A80530E62195FD1E0080FB0E /* Info.plist */,
				A8BFB398219A29060069549F /* Meme.swift */,
				AFF32672219BDDBB00FCD913 /* MemeDetailsViewController.swift */,
				A815BAEA21A307270060AF44 /* MemeCell.swift */,
				A815BAEC21A3A5D30060AF44 /* Utils.swift */,
				AF7100A821B0E8EF0018F2F8 /* MainViewController+DataSource.swift */,
				AF7100AA21B0E90D0018F2F8 /* MainViewController+Delegate.swift */,
				A8BF509121B70211003BBD7A /* Localizable.strings */,
				A8E81C2321B72F6E00BF338C /* MainViewController+SearchBar.swift */,
				A8F8EE3821B9850400A3B6AF /* InfoPlist.strings */,
				AFD3C50521FD8A8A00473646 /* ApplicationScheme.swift */,
			);
			path = "Mis Memes";
			sourceTree = "<group>";
		};
		A80530EE2195FD1E0080FB0E /* Mis MemesTests */ = {
			isa = PBXGroup;
			children = (
				A80530EF2195FD1E0080FB0E /* Mis_MemesTests.swift */,
				A80530F12195FD1E0080FB0E /* Info.plist */,
			);
			path = "Mis MemesTests";
			sourceTree = "<group>";
		};
		A80530F92195FD1E0080FB0E /* Mis MemesUITests */ = {
			isa = PBXGroup;
			children = (
				A80530FA2195FD1E0080FB0E /* Mis_MemesUITests.swift */,
				A80530FC2195FD1E0080FB0E /* Info.plist */,
			);
			path = "Mis MemesUITests";
			sourceTree = "<group>";
		};
		A873292E21B042670029CD86 /* Frameworks */ = {
			isa = PBXGroup;
			children = (
				A873292F21B042670029CD86 /* StoreKit.framework */,
				C70974164D68F945D1845562 /* Pods_Mis_Memes.framework */,
				98A9DF1B3EABACC6B0FE2A86 /* Pods_Mis_MemesTests.framework */,
				C20A1E8310409C7446939FEA /* Pods_Mis_MemesUITests.framework */,
			);
			name = Frameworks;
			sourceTree = "<group>";
		};
		E9697D324FFC8B3868C5FD65 /* Pods */ = {
			isa = PBXGroup;
			children = (
				16B337A7562804F5EA6D191F /* Pods-Mis Memes.debug.xcconfig */,
				EB6B951EAB16FA0AE5686C46 /* Pods-Mis Memes.release.xcconfig */,
				EFBA623CFDC629A15C77CEAE /* Pods-Mis MemesTests.debug.xcconfig */,
				F4FAE7E7A90BDED2D3009014 /* Pods-Mis MemesTests.release.xcconfig */,
				1178F37E17B689242547FFF0 /* Pods-Mis MemesUITests.debug.xcconfig */,
				89DD7E29957C9A2D6ACFF4D1 /* Pods-Mis MemesUITests.release.xcconfig */,
			);
			name = Pods;
			sourceTree = "<group>";
		};
/* End PBXGroup section */

/* Begin PBXNativeTarget section */
		A80530D62195FD1C0080FB0E /* Mis Memes */ = {
			isa = PBXNativeTarget;
			buildConfigurationList = A80530FF2195FD1E0080FB0E /* Build configuration list for PBXNativeTarget "Mis Memes" */;
			buildPhases = (
				AAFAA0A31B533866A789222B /* [CP] Check Pods Manifest.lock */,
				A80530D32195FD1C0080FB0E /* Sources */,
				A80530D42195FD1C0080FB0E /* Frameworks */,
				A80530D52195FD1C0080FB0E /* Resources */,
				2011BFA9D69D6C68423205F4 /* [CP] Embed Pods Frameworks */,
			);
			buildRules = (
			);
			dependencies = (
			);
			name = "Mis Memes";
			productName = "Mis Memes";
			productReference = A80530D72195FD1C0080FB0E /* Mis Memes.app */;
			productType = "com.apple.product-type.application";
		};
		A80530EA2195FD1E0080FB0E /* Mis MemesTests */ = {
			isa = PBXNativeTarget;
			buildConfigurationList = A80531022195FD1E0080FB0E /* Build configuration list for PBXNativeTarget "Mis MemesTests" */;
			buildPhases = (
				62960B4511631317CEFF94AE /* [CP] Check Pods Manifest.lock */,
				A80530E72195FD1E0080FB0E /* Sources */,
				A80530E82195FD1E0080FB0E /* Frameworks */,
				A80530E92195FD1E0080FB0E /* Resources */,
			);
			buildRules = (
			);
			dependencies = (
				A80530ED2195FD1E0080FB0E /* PBXTargetDependency */,
			);
			name = "Mis MemesTests";
			productName = "Mis MemesTests";
			productReference = A80530EB2195FD1E0080FB0E /* Mis MemesTests.xctest */;
			productType = "com.apple.product-type.bundle.unit-test";
		};
		A80530F52195FD1E0080FB0E /* Mis MemesUITests */ = {
			isa = PBXNativeTarget;
			buildConfigurationList = A80531052195FD1E0080FB0E /* Build configuration list for PBXNativeTarget "Mis MemesUITests" */;
			buildPhases = (
				E0AE5D274C20ECFE9D781205 /* [CP] Check Pods Manifest.lock */,
				A80530F22195FD1E0080FB0E /* Sources */,
				A80530F32195FD1E0080FB0E /* Frameworks */,
				A80530F42195FD1E0080FB0E /* Resources */,
			);
			buildRules = (
			);
			dependencies = (
				A80530F82195FD1E0080FB0E /* PBXTargetDependency */,
			);
			name = "Mis MemesUITests";
			productName = "Mis MemesUITests";
			productReference = A80530F62195FD1E0080FB0E /* Mis MemesUITests.xctest */;
			productType = "com.apple.product-type.bundle.ui-testing";
		};
/* End PBXNativeTarget section */

/* Begin PBXProject section */
		A80530CF2195FD1C0080FB0E /* Project object */ = {
			isa = PBXProject;
			attributes = {
				LastSwiftUpdateCheck = 1010;
				LastUpgradeCheck = 1010;
				ORGANIZATIONNAME = "Making your app";
				TargetAttributes = {
					A80530D62195FD1C0080FB0E = {
						CreatedOnToolsVersion = 10.1;
						SystemCapabilities = {
							com.apple.InAppPurchase = {
								enabled = 1;
							};
						};
					};
					A80530EA2195FD1E0080FB0E = {
						CreatedOnToolsVersion = 10.1;
						TestTargetID = A80530D62195FD1C0080FB0E;
					};
					A80530F52195FD1E0080FB0E = {
						CreatedOnToolsVersion = 10.1;
						TestTargetID = A80530D62195FD1C0080FB0E;
					};
				};
			};
			buildConfigurationList = A80530D22195FD1C0080FB0E /* Build configuration list for PBXProject "Mis Memes" */;
			compatibilityVersion = "Xcode 9.3";
			developmentRegion = en;
			hasScannedForEncodings = 0;
			knownRegions = (
				en,
				Base,
				"es-419",
			);
			mainGroup = A80530CE2195FD1C0080FB0E;
			productRefGroup = A80530D82195FD1C0080FB0E /* Products */;
			projectDirPath = "";
			projectRoot = "";
			targets = (
				A80530D62195FD1C0080FB0E /* Mis Memes */,
				A80530EA2195FD1E0080FB0E /* Mis MemesTests */,
				A80530F52195FD1E0080FB0E /* Mis MemesUITests */,
			);
		};
/* End PBXProject section */

/* Begin PBXResourcesBuildPhase section */
		A80530D52195FD1C0080FB0E /* Resources */ = {
			isa = PBXResourcesBuildPhase;
			buildActionMask = 2147483647;
			files = (
				A80530E52195FD1E0080FB0E /* LaunchScreen.storyboard in Resources */,
				A8BF508F21B70211003BBD7A /* Localizable.strings in Resources */,
				A80530E22195FD1E0080FB0E /* Assets.xcassets in Resources */,
				A80530E02195FD1C0080FB0E /* Main.storyboard in Resources */,
				A8F8EE3621B9850400A3B6AF /* InfoPlist.strings in Resources */,
			);
			runOnlyForDeploymentPostprocessing = 0;
		};
		A80530E92195FD1E0080FB0E /* Resources */ = {
			isa = PBXResourcesBuildPhase;
			buildActionMask = 2147483647;
			files = (
			);
			runOnlyForDeploymentPostprocessing = 0;
		};
		A80530F42195FD1E0080FB0E /* Resources */ = {
			isa = PBXResourcesBuildPhase;
			buildActionMask = 2147483647;
			files = (
			);
			runOnlyForDeploymentPostprocessing = 0;
		};
/* End PBXResourcesBuildPhase section */

/* Begin PBXShellScriptBuildPhase section */
		2011BFA9D69D6C68423205F4 /* [CP] Embed Pods Frameworks */ = {
			isa = PBXShellScriptBuildPhase;
			buildActionMask = 2147483647;
			files = (
			);
			inputPaths = (
				"${SRCROOT}/Pods/Target Support Files/Pods-Mis Memes/Pods-Mis Memes-frameworks.sh",
				"${BUILT_PRODUCTS_DIR}/MDFInternationalization/MDFInternationalization.framework",
				"${BUILT_PRODUCTS_DIR}/MDFTextAccessibility/MDFTextAccessibility.framework",
				"${BUILT_PRODUCTS_DIR}/MaterialComponents/MaterialComponents.framework",
				"${BUILT_PRODUCTS_DIR}/MotionAnimator/MotionAnimator.framework",
				"${BUILT_PRODUCTS_DIR}/MotionInterchange/MotionInterchange.framework",
				"${BUILT_PRODUCTS_DIR}/MotionTransitioning/MotionTransitioning.framework",
			);
			name = "[CP] Embed Pods Frameworks";
			outputPaths = (
				"${TARGET_BUILD_DIR}/${FRAMEWORKS_FOLDER_PATH}/MDFInternationalization.framework",
				"${TARGET_BUILD_DIR}/${FRAMEWORKS_FOLDER_PATH}/MDFTextAccessibility.framework",
				"${TARGET_BUILD_DIR}/${FRAMEWORKS_FOLDER_PATH}/MaterialComponents.framework",
				"${TARGET_BUILD_DIR}/${FRAMEWORKS_FOLDER_PATH}/MotionAnimator.framework",
				"${TARGET_BUILD_DIR}/${FRAMEWORKS_FOLDER_PATH}/MotionInterchange.framework",
				"${TARGET_BUILD_DIR}/${FRAMEWORKS_FOLDER_PATH}/MotionTransitioning.framework",
			);
			runOnlyForDeploymentPostprocessing = 0;
			shellPath = /bin/sh;
			shellScript = "\"${SRCROOT}/Pods/Target Support Files/Pods-Mis Memes/Pods-Mis Memes-frameworks.sh\"\n";
			showEnvVarsInLog = 0;
		};
		62960B4511631317CEFF94AE /* [CP] Check Pods Manifest.lock */ = {
			isa = PBXShellScriptBuildPhase;
			buildActionMask = 2147483647;
			files = (
			);
			inputPaths = (
				"${PODS_PODFILE_DIR_PATH}/Podfile.lock",
				"${PODS_ROOT}/Manifest.lock",
			);
			name = "[CP] Check Pods Manifest.lock";
			outputPaths = (
				"$(DERIVED_FILE_DIR)/Pods-Mis MemesTests-checkManifestLockResult.txt",
			);
			runOnlyForDeploymentPostprocessing = 0;
			shellPath = /bin/sh;
			shellScript = "diff \"${PODS_PODFILE_DIR_PATH}/Podfile.lock\" \"${PODS_ROOT}/Manifest.lock\" > /dev/null\nif [ $? != 0 ] ; then\n    # print error to STDERR\n    echo \"error: The sandbox is not in sync with the Podfile.lock. Run 'pod install' or update your CocoaPods installation.\" >&2\n    exit 1\nfi\n# This output is used by Xcode 'outputs' to avoid re-running this script phase.\necho \"SUCCESS\" > \"${SCRIPT_OUTPUT_FILE_0}\"\n";
			showEnvVarsInLog = 0;
		};
		AAFAA0A31B533866A789222B /* [CP] Check Pods Manifest.lock */ = {
			isa = PBXShellScriptBuildPhase;
			buildActionMask = 2147483647;
			files = (
			);
			inputPaths = (
				"${PODS_PODFILE_DIR_PATH}/Podfile.lock",
				"${PODS_ROOT}/Manifest.lock",
			);
			name = "[CP] Check Pods Manifest.lock";
			outputPaths = (
				"$(DERIVED_FILE_DIR)/Pods-Mis Memes-checkManifestLockResult.txt",
			);
			runOnlyForDeploymentPostprocessing = 0;
			shellPath = /bin/sh;
			shellScript = "diff \"${PODS_PODFILE_DIR_PATH}/Podfile.lock\" \"${PODS_ROOT}/Manifest.lock\" > /dev/null\nif [ $? != 0 ] ; then\n    # print error to STDERR\n    echo \"error: The sandbox is not in sync with the Podfile.lock. Run 'pod install' or update your CocoaPods installation.\" >&2\n    exit 1\nfi\n# This output is used by Xcode 'outputs' to avoid re-running this script phase.\necho \"SUCCESS\" > \"${SCRIPT_OUTPUT_FILE_0}\"\n";
			showEnvVarsInLog = 0;
		};
		E0AE5D274C20ECFE9D781205 /* [CP] Check Pods Manifest.lock */ = {
			isa = PBXShellScriptBuildPhase;
			buildActionMask = 2147483647;
			files = (
			);
			inputPaths = (
				"${PODS_PODFILE_DIR_PATH}/Podfile.lock",
				"${PODS_ROOT}/Manifest.lock",
			);
			name = "[CP] Check Pods Manifest.lock";
			outputPaths = (
				"$(DERIVED_FILE_DIR)/Pods-Mis MemesUITests-checkManifestLockResult.txt",
			);
			runOnlyForDeploymentPostprocessing = 0;
			shellPath = /bin/sh;
			shellScript = "diff \"${PODS_PODFILE_DIR_PATH}/Podfile.lock\" \"${PODS_ROOT}/Manifest.lock\" > /dev/null\nif [ $? != 0 ] ; then\n    # print error to STDERR\n    echo \"error: The sandbox is not in sync with the Podfile.lock. Run 'pod install' or update your CocoaPods installation.\" >&2\n    exit 1\nfi\n# This output is used by Xcode 'outputs' to avoid re-running this script phase.\necho \"SUCCESS\" > \"${SCRIPT_OUTPUT_FILE_0}\"\n";
			showEnvVarsInLog = 0;
		};
/* End PBXShellScriptBuildPhase section */

/* Begin PBXSourcesBuildPhase section */
		A80530D32195FD1C0080FB0E /* Sources */ = {
			isa = PBXSourcesBuildPhase;
			buildActionMask = 2147483647;
			files = (
				A8BFB399219A29060069549F /* Meme.swift in Sources */,
				AF7100A921B0E8EF0018F2F8 /* MainViewController+DataSource.swift in Sources */,
				AF7100AB21B0E90D0018F2F8 /* MainViewController+Delegate.swift in Sources */,
				AFD3C50621FD8A8A00473646 /* ApplicationScheme.swift in Sources */,
				A80530DD2195FD1C0080FB0E /* MainViewController.swift in Sources */,
				A8E81C2421B72F6E00BF338C /* MainViewController+SearchBar.swift in Sources */,
				A815BAEB21A307270060AF44 /* MemeCell.swift in Sources */,
				A80530DB2195FD1C0080FB0E /* AppDelegate.swift in Sources */,
				AFF32673219BDDBB00FCD913 /* MemeDetailsViewController.swift in Sources */,
				A815BAED21A3A5D30060AF44 /* Utils.swift in Sources */,
			);
			runOnlyForDeploymentPostprocessing = 0;
		};
		A80530E72195FD1E0080FB0E /* Sources */ = {
			isa = PBXSourcesBuildPhase;
			buildActionMask = 2147483647;
			files = (
				A80530F02195FD1E0080FB0E /* Mis_MemesTests.swift in Sources */,
			);
			runOnlyForDeploymentPostprocessing = 0;
		};
		A80530F22195FD1E0080FB0E /* Sources */ = {
			isa = PBXSourcesBuildPhase;
			buildActionMask = 2147483647;
			files = (
				A80530FB2195FD1E0080FB0E /* Mis_MemesUITests.swift in Sources */,
			);
			runOnlyForDeploymentPostprocessing = 0;
		};
/* End PBXSourcesBuildPhase section */

/* Begin PBXTargetDependency section */
		A80530ED2195FD1E0080FB0E /* PBXTargetDependency */ = {
			isa = PBXTargetDependency;
			target = A80530D62195FD1C0080FB0E /* Mis Memes */;
			targetProxy = A80530EC2195FD1E0080FB0E /* PBXContainerItemProxy */;
		};
		A80530F82195FD1E0080FB0E /* PBXTargetDependency */ = {
			isa = PBXTargetDependency;
			target = A80530D62195FD1C0080FB0E /* Mis Memes */;
			targetProxy = A80530F72195FD1E0080FB0E /* PBXContainerItemProxy */;
		};
/* End PBXTargetDependency section */

/* Begin PBXVariantGroup section */
		A80530DE2195FD1C0080FB0E /* Main.storyboard */ = {
			isa = PBXVariantGroup;
			children = (
				A80530DF2195FD1C0080FB0E /* Base */,
				A8BF508A21B6FF20003BBD7A /* en */,
				A8BF508B21B700DE003BBD7A /* es-419 */,
			);
			name = Main.storyboard;
			sourceTree = "<group>";
		};
		A80530E32195FD1E0080FB0E /* LaunchScreen.storyboard */ = {
			isa = PBXVariantGroup;
			children = (
				A80530E42195FD1E0080FB0E /* Base */,
				A8BF508C21B700DE003BBD7A /* es-419 */,
			);
			name = LaunchScreen.storyboard;
			sourceTree = "<group>";
		};
		A8BF509121B70211003BBD7A /* Localizable.strings */ = {
			isa = PBXVariantGroup;
			children = (
				A8BF509021B70211003BBD7A /* en */,
				A8BF509221B7023A003BBD7A /* es-419 */,
			);
			name = Localizable.strings;
			sourceTree = "<group>";
		};
		A8F8EE3821B9850400A3B6AF /* InfoPlist.strings */ = {
			isa = PBXVariantGroup;
			children = (
				A8F8EE3721B9850400A3B6AF /* en */,
				A8F8EE3921B9850600A3B6AF /* es-419 */,
			);
			name = InfoPlist.strings;
			sourceTree = "<group>";
		};
/* End PBXVariantGroup section */

/* Begin XCBuildConfiguration section */
		A80530FD2195FD1E0080FB0E /* Debug */ = {
			isa = XCBuildConfiguration;
			buildSettings = {
				ALWAYS_SEARCH_USER_PATHS = NO;
				CLANG_ANALYZER_LOCALIZABILITY_NONLOCALIZED = YES;
				CLANG_ANALYZER_NONNULL = YES;
				CLANG_ANALYZER_NUMBER_OBJECT_CONVERSION = YES_AGGRESSIVE;
				CLANG_CXX_LANGUAGE_STANDARD = "gnu++14";
				CLANG_CXX_LIBRARY = "libc++";
				CLANG_ENABLE_MODULES = YES;
				CLANG_ENABLE_OBJC_ARC = YES;
				CLANG_ENABLE_OBJC_WEAK = YES;
				CLANG_WARN_BLOCK_CAPTURE_AUTORELEASING = YES;
				CLANG_WARN_BOOL_CONVERSION = YES;
				CLANG_WARN_COMMA = YES;
				CLANG_WARN_CONSTANT_CONVERSION = YES;
				CLANG_WARN_DEPRECATED_OBJC_IMPLEMENTATIONS = YES;
				CLANG_WARN_DIRECT_OBJC_ISA_USAGE = YES_ERROR;
				CLANG_WARN_DOCUMENTATION_COMMENTS = YES;
				CLANG_WARN_EMPTY_BODY = YES;
				CLANG_WARN_ENUM_CONVERSION = YES;
				CLANG_WARN_INFINITE_RECURSION = YES;
				CLANG_WARN_INT_CONVERSION = YES;
				CLANG_WARN_NON_LITERAL_NULL_CONVERSION = YES;
				CLANG_WARN_OBJC_IMPLICIT_RETAIN_SELF = YES;
				CLANG_WARN_OBJC_LITERAL_CONVERSION = YES;
				CLANG_WARN_OBJC_ROOT_CLASS = YES_ERROR;
				CLANG_WARN_RANGE_LOOP_ANALYSIS = YES;
				CLANG_WARN_STRICT_PROTOTYPES = YES;
				CLANG_WARN_SUSPICIOUS_MOVE = YES;
				CLANG_WARN_UNGUARDED_AVAILABILITY = YES_AGGRESSIVE;
				CLANG_WARN_UNREACHABLE_CODE = YES;
				CLANG_WARN__DUPLICATE_METHOD_MATCH = YES;
				CODE_SIGN_IDENTITY = "iPhone Developer";
				COPY_PHASE_STRIP = NO;
				DEBUG_INFORMATION_FORMAT = dwarf;
				ENABLE_STRICT_OBJC_MSGSEND = YES;
				ENABLE_TESTABILITY = YES;
				GCC_C_LANGUAGE_STANDARD = gnu11;
				GCC_DYNAMIC_NO_PIC = NO;
				GCC_NO_COMMON_BLOCKS = YES;
				GCC_OPTIMIZATION_LEVEL = 0;
				GCC_PREPROCESSOR_DEFINITIONS = (
					"DEBUG=1",
					"$(inherited)",
				);
				GCC_WARN_64_TO_32_BIT_CONVERSION = YES;
				GCC_WARN_ABOUT_RETURN_TYPE = YES_ERROR;
				GCC_WARN_UNDECLARED_SELECTOR = YES;
				GCC_WARN_UNINITIALIZED_AUTOS = YES_AGGRESSIVE;
				GCC_WARN_UNUSED_FUNCTION = YES;
				GCC_WARN_UNUSED_VARIABLE = YES;
				IPHONEOS_DEPLOYMENT_TARGET = 11.0;
				MTL_ENABLE_DEBUG_INFO = INCLUDE_SOURCE;
				MTL_FAST_MATH = YES;
				ONLY_ACTIVE_ARCH = YES;
				SDKROOT = iphoneos;
				SWIFT_ACTIVE_COMPILATION_CONDITIONS = DEBUG;
				SWIFT_OPTIMIZATION_LEVEL = "-Onone";
			};
			name = Debug;
		};
		A80530FE2195FD1E0080FB0E /* Release */ = {
			isa = XCBuildConfiguration;
			buildSettings = {
				ALWAYS_SEARCH_USER_PATHS = NO;
				CLANG_ANALYZER_LOCALIZABILITY_NONLOCALIZED = YES;
				CLANG_ANALYZER_NONNULL = YES;
				CLANG_ANALYZER_NUMBER_OBJECT_CONVERSION = YES_AGGRESSIVE;
				CLANG_CXX_LANGUAGE_STANDARD = "gnu++14";
				CLANG_CXX_LIBRARY = "libc++";
				CLANG_ENABLE_MODULES = YES;
				CLANG_ENABLE_OBJC_ARC = YES;
				CLANG_ENABLE_OBJC_WEAK = YES;
				CLANG_WARN_BLOCK_CAPTURE_AUTORELEASING = YES;
				CLANG_WARN_BOOL_CONVERSION = YES;
				CLANG_WARN_COMMA = YES;
				CLANG_WARN_CONSTANT_CONVERSION = YES;
				CLANG_WARN_DEPRECATED_OBJC_IMPLEMENTATIONS = YES;
				CLANG_WARN_DIRECT_OBJC_ISA_USAGE = YES_ERROR;
				CLANG_WARN_DOCUMENTATION_COMMENTS = YES;
				CLANG_WARN_EMPTY_BODY = YES;
				CLANG_WARN_ENUM_CONVERSION = YES;
				CLANG_WARN_INFINITE_RECURSION = YES;
				CLANG_WARN_INT_CONVERSION = YES;
				CLANG_WARN_NON_LITERAL_NULL_CONVERSION = YES;
				CLANG_WARN_OBJC_IMPLICIT_RETAIN_SELF = YES;
				CLANG_WARN_OBJC_LITERAL_CONVERSION = YES;
				CLANG_WARN_OBJC_ROOT_CLASS = YES_ERROR;
				CLANG_WARN_RANGE_LOOP_ANALYSIS = YES;
				CLANG_WARN_STRICT_PROTOTYPES = YES;
				CLANG_WARN_SUSPICIOUS_MOVE = YES;
				CLANG_WARN_UNGUARDED_AVAILABILITY = YES_AGGRESSIVE;
				CLANG_WARN_UNREACHABLE_CODE = YES;
				CLANG_WARN__DUPLICATE_METHOD_MATCH = YES;
				CODE_SIGN_IDENTITY = "iPhone Developer";
				COPY_PHASE_STRIP = NO;
				DEBUG_INFORMATION_FORMAT = "dwarf-with-dsym";
				ENABLE_NS_ASSERTIONS = NO;
				ENABLE_STRICT_OBJC_MSGSEND = YES;
				GCC_C_LANGUAGE_STANDARD = gnu11;
				GCC_NO_COMMON_BLOCKS = YES;
				GCC_WARN_64_TO_32_BIT_CONVERSION = YES;
				GCC_WARN_ABOUT_RETURN_TYPE = YES_ERROR;
				GCC_WARN_UNDECLARED_SELECTOR = YES;
				GCC_WARN_UNINITIALIZED_AUTOS = YES_AGGRESSIVE;
				GCC_WARN_UNUSED_FUNCTION = YES;
				GCC_WARN_UNUSED_VARIABLE = YES;
				IPHONEOS_DEPLOYMENT_TARGET = 11.0;
				MTL_ENABLE_DEBUG_INFO = NO;
				MTL_FAST_MATH = YES;
				SDKROOT = iphoneos;
				SWIFT_COMPILATION_MODE = wholemodule;
				SWIFT_OPTIMIZATION_LEVEL = "-O";
				VALIDATE_PRODUCT = YES;
			};
			name = Release;
		};
		A80531002195FD1E0080FB0E /* Debug */ = {
			isa = XCBuildConfiguration;
			baseConfigurationReference = 16B337A7562804F5EA6D191F /* Pods-Mis Memes.debug.xcconfig */;
			buildSettings = {
				ASSETCATALOG_COMPILER_APPICON_NAME = AppIcon;
				CODE_SIGN_STYLE = Automatic;
				DEVELOPMENT_TEAM = 4MCA4N9ZYA;
				INFOPLIST_FILE = "Mis Memes/Info.plist";
				LD_RUNPATH_SEARCH_PATHS = (
					"$(inherited)",
					"@executable_path/Frameworks",
				);
				PRODUCT_BUNDLE_IDENTIFIER = com.makingyourapp.mismemes;
				PRODUCT_NAME = "$(TARGET_NAME)";
				SWIFT_VERSION = 4.2;
				TARGETED_DEVICE_FAMILY = 1;
			};
			name = Debug;
		};
		A80531012195FD1E0080FB0E /* Release */ = {
			isa = XCBuildConfiguration;
			baseConfigurationReference = EB6B951EAB16FA0AE5686C46 /* Pods-Mis Memes.release.xcconfig */;
			buildSettings = {
				ASSETCATALOG_COMPILER_APPICON_NAME = AppIcon;
				CODE_SIGN_STYLE = Automatic;
				DEVELOPMENT_TEAM = 4MCA4N9ZYA;
				INFOPLIST_FILE = "Mis Memes/Info.plist";
				LD_RUNPATH_SEARCH_PATHS = (
					"$(inherited)",
					"@executable_path/Frameworks",
				);
				PRODUCT_BUNDLE_IDENTIFIER = com.makingyourapp.mismemes;
				PRODUCT_NAME = "$(TARGET_NAME)";
				SWIFT_VERSION = 4.2;
				TARGETED_DEVICE_FAMILY = 1;
			};
			name = Release;
		};
		A80531032195FD1E0080FB0E /* Debug */ = {
			isa = XCBuildConfiguration;
			baseConfigurationReference = EFBA623CFDC629A15C77CEAE /* Pods-Mis MemesTests.debug.xcconfig */;
			buildSettings = {
				ALWAYS_EMBED_SWIFT_STANDARD_LIBRARIES = YES;
				BUNDLE_LOADER = "$(TEST_HOST)";
				CODE_SIGN_STYLE = Automatic;
				DEVELOPMENT_TEAM = 4MCA4N9ZYA;
				INFOPLIST_FILE = "Mis MemesTests/Info.plist";
				LD_RUNPATH_SEARCH_PATHS = (
					"$(inherited)",
					"@executable_path/Frameworks",
					"@loader_path/Frameworks",
				);
				PRODUCT_BUNDLE_IDENTIFIER = "com.makingyourapp.Mis-MemesTests";
				PRODUCT_NAME = "$(TARGET_NAME)";
				SWIFT_VERSION = 4.2;
				TARGETED_DEVICE_FAMILY = "1,2";
				TEST_HOST = "$(BUILT_PRODUCTS_DIR)/Mis Memes.app/Mis Memes";
			};
			name = Debug;
		};
		A80531042195FD1E0080FB0E /* Release */ = {
			isa = XCBuildConfiguration;
			baseConfigurationReference = F4FAE7E7A90BDED2D3009014 /* Pods-Mis MemesTests.release.xcconfig */;
			buildSettings = {
				ALWAYS_EMBED_SWIFT_STANDARD_LIBRARIES = YES;
				BUNDLE_LOADER = "$(TEST_HOST)";
				CODE_SIGN_STYLE = Automatic;
				DEVELOPMENT_TEAM = 4MCA4N9ZYA;
				INFOPLIST_FILE = "Mis MemesTests/Info.plist";
				LD_RUNPATH_SEARCH_PATHS = (
					"$(inherited)",
					"@executable_path/Frameworks",
					"@loader_path/Frameworks",
				);
				PRODUCT_BUNDLE_IDENTIFIER = "com.makingyourapp.Mis-MemesTests";
				PRODUCT_NAME = "$(TARGET_NAME)";
				SWIFT_VERSION = 4.2;
				TARGETED_DEVICE_FAMILY = "1,2";
				TEST_HOST = "$(BUILT_PRODUCTS_DIR)/Mis Memes.app/Mis Memes";
			};
			name = Release;
		};
		A80531062195FD1E0080FB0E /* Debug */ = {
			isa = XCBuildConfiguration;
			baseConfigurationReference = 1178F37E17B689242547FFF0 /* Pods-Mis MemesUITests.debug.xcconfig */;
			buildSettings = {
				ALWAYS_EMBED_SWIFT_STANDARD_LIBRARIES = YES;
				CODE_SIGN_STYLE = Automatic;
				DEVELOPMENT_TEAM = 4MCA4N9ZYA;
				INFOPLIST_FILE = "Mis MemesUITests/Info.plist";
				LD_RUNPATH_SEARCH_PATHS = (
					"$(inherited)",
					"@executable_path/Frameworks",
					"@loader_path/Frameworks",
				);
				PRODUCT_BUNDLE_IDENTIFIER = "com.makingyourapp.Mis-MemesUITests";
				PRODUCT_NAME = "$(TARGET_NAME)";
				SWIFT_VERSION = 4.2;
				TARGETED_DEVICE_FAMILY = "1,2";
				TEST_TARGET_NAME = "Mis Memes";
			};
			name = Debug;
		};
		A80531072195FD1E0080FB0E /* Release */ = {
			isa = XCBuildConfiguration;
			baseConfigurationReference = 89DD7E29957C9A2D6ACFF4D1 /* Pods-Mis MemesUITests.release.xcconfig */;
			buildSettings = {
				ALWAYS_EMBED_SWIFT_STANDARD_LIBRARIES = YES;
				CODE_SIGN_STYLE = Automatic;
				DEVELOPMENT_TEAM = 4MCA4N9ZYA;
				INFOPLIST_FILE = "Mis MemesUITests/Info.plist";
				LD_RUNPATH_SEARCH_PATHS = (
					"$(inherited)",
					"@executable_path/Frameworks",
					"@loader_path/Frameworks",
				);
				PRODUCT_BUNDLE_IDENTIFIER = "com.makingyourapp.Mis-MemesUITests";
				PRODUCT_NAME = "$(TARGET_NAME)";
				SWIFT_VERSION = 4.2;
				TARGETED_DEVICE_FAMILY = "1,2";
				TEST_TARGET_NAME = "Mis Memes";
			};
			name = Release;
		};
/* End XCBuildConfiguration section */

/* Begin XCConfigurationList section */
		A80530D22195FD1C0080FB0E /* Build configuration list for PBXProject "Mis Memes" */ = {
			isa = XCConfigurationList;
			buildConfigurations = (
				A80530FD2195FD1E0080FB0E /* Debug */,
				A80530FE2195FD1E0080FB0E /* Release */,
			);
			defaultConfigurationIsVisible = 0;
			defaultConfigurationName = Release;
		};
		A80530FF2195FD1E0080FB0E /* Build configuration list for PBXNativeTarget "Mis Memes" */ = {
			isa = XCConfigurationList;
			buildConfigurations = (
				A80531002195FD1E0080FB0E /* Debug */,
				A80531012195FD1E0080FB0E /* Release */,
			);
			defaultConfigurationIsVisible = 0;
			defaultConfigurationName = Release;
		};
		A80531022195FD1E0080FB0E /* Build configuration list for PBXNativeTarget "Mis MemesTests" */ = {
			isa = XCConfigurationList;
			buildConfigurations = (
				A80531032195FD1E0080FB0E /* Debug */,
				A80531042195FD1E0080FB0E /* Release */,
			);
			defaultConfigurationIsVisible = 0;
			defaultConfigurationName = Release;
		};
		A80531052195FD1E0080FB0E /* Build configuration list for PBXNativeTarget "Mis MemesUITests" */ = {
			isa = XCConfigurationList;
			buildConfigurations = (
				A80531062195FD1E0080FB0E /* Debug */,
				A80531072195FD1E0080FB0E /* Release */,
			);
			defaultConfigurationIsVisible = 0;
			defaultConfigurationName = Release;
		};
/* End XCConfigurationList section */
	};
	rootObject = A80530CF2195FD1C0080FB0E /* Project object */;
}
